
Microsoft Visual Studio Solution File, Format Version 12.00
# Visual Studio Version 17
VisualStudioVersion = 17.0.32112.339
MinimumVisualStudioVersion = 10.0.40219.1
Project("{9A19103F-16F7-4668-BE54-9A1E7A4F7556}") = "Api", "Api\Api.csproj", "{B59C5499-649A-4D47-AE76-DDB4F8B78FDC}"
EndProject
Project("{2150E333-8FDC-42A3-9474-1A3956D46DE8}") = "Test", "Test", "{3887DBCE-0018-4922-A4E0-4B70CFBDA4E0}"
EndProject
Project("{FAE04EC0-301F-11D3-BF4B-00C04F79EFBC}") = "UnitTest", "UnitTest\UnitTest.csproj", "{7E3DD01F-406F-43F0-97E1-031D0A5574E1}"
EndProject
Global
	GlobalSection(SolutionConfigurationPlatforms) = preSolution
		Debug|Any CPU = Debug|Any CPU
		Release|Any CPU = Release|Any CPU
	EndGlobalSection
	GlobalSection(ProjectConfigurationPlatforms) = postSolution
		{B59C5499-649A-4D47-AE76-DDB4F8B78FDC}.Debug|Any CPU.ActiveCfg = Debug|Any CPU
		{B59C5499-649A-4D47-AE76-DDB4F8B78FDC}.Debug|Any CPU.Build.0 = Debug|Any CPU
		{B59C5499-649A-4D47-AE76-DDB4F8B78FDC}.Release|Any CPU.ActiveCfg = Release|Any CPU
		{B59C5499-649A-4D47-AE76-DDB4F8B78FDC}.Release|Any CPU.Build.0 = Release|Any CPU
		{7E3DD01F-406F-43F0-97E1-031D0A5574E1}.Debug|Any CPU.ActiveCfg = Debug|Any CPU
		{7E3DD01F-406F-43F0-97E1-031D0A5574E1}.Debug|Any CPU.Build.0 = Debug|Any CPU
		{7E3DD01F-406F-43F0-97E1-031D0A5574E1}.Release|Any CPU.ActiveCfg = Release|Any CPU
		{7E3DD01F-406F-43F0-97E1-031D0A5574E1}.Release|Any CPU.Build.0 = Release|Any CPU
	EndGlobalSection
	GlobalSection(SolutionProperties) = preSolution
		HideSolutionNode = FALSE
	EndGlobalSection
	GlobalSection(NestedProjects) = preSolution
		{7E3DD01F-406F-43F0-97E1-031D0A5574E1} = {3887DBCE-0018-4922-A4E0-4B70CFBDA4E0}
	EndGlobalSection
	GlobalSection(ExtensibilityGlobals) = postSolution
		SolutionGuid = {5FD80DAE-3265-46B8-8AAE-D53A9465D34E}
	EndGlobalSection
EndGlobal
